
Microsoft Visual Studio Solution File, Format Version 12.00
# Visual Studio Version 17
VisualStudioVersion = 17.4.33213.308
MinimumVisualStudioVersion = 10.0.40219.1
Project("{9A19103F-16F7-4668-BE54-9A1E7A4F7556}") = "AlwaysBloodMoon", "AlwaysBloodMoon.csproj", "{5A841ECB-6494-4AA7-A29F-F62879E3FB1D}"
EndProject
Global
	GlobalSection(SolutionConfigurationPlatforms) = preSolution
		Debug|Any CPU = Debug|Any CPU
		Release|Any CPU = Release|Any CPU
	EndGlobalSection
	GlobalSection(ProjectConfigurationPlatforms) = postSolution
		{5A841ECB-6494-4AA7-A29F-F62879E3FB1D}.Debug|Any CPU.ActiveCfg = Debug|Any CPU
		{5A841ECB-6494-4AA7-A29F-F62879E3FB1D}.Debug|Any CPU.Build.0 = Debug|Any CPU
		{5A841ECB-6494-4AA7-A29F-F62879E3FB1D}.Release|Any CPU.ActiveCfg = Release|Any CPU
		{5A841ECB-6494-4AA7-A29F-F62879E3FB1D}.Release|Any CPU.Build.0 = Release|Any CPU
	EndGlobalSection
	GlobalSection(SolutionProperties) = preSolution
		HideSolutionNode = FALSE
	EndGlobalSection
	GlobalSection(ExtensibilityGlobals) = postSolution
		SolutionGuid = {8764B58F-53B8-449F-8A25-EEB343723121}
	EndGlobalSection
EndGlobal
